{
  "name": "elm-experiments",
  "version": "1.0.0",
  "lockfileVersion": 2,
  "requires": true,
  "packages": {
    "": {
      "version": "1.0.0",
      "license": "ISC",
      "dependencies": {
        "elm-tooling": "^1.3.0"
      }
    },
    "node_modules/elm-tooling": {
      "version": "1.3.0",
      "resolved": "https://registry.npmjs.org/elm-tooling/-/elm-tooling-1.3.0.tgz",
      "integrity": "sha512-OLRg8D7QCbzMmi8QTaebIIsH2qaIj4NiltuJ8vZj4JFHOIVa3utyD5tlfySBGZNfDG7+vZ2K8iDk82TalFaAbw==",
      "bin": {
        "elm-tooling": "index.js"
      }
    }
  },
  "dependencies": {
    "elm-tooling": {
      "version": "1.3.0",
      "resolved": "https://registry.npmjs.org/elm-tooling/-/elm-tooling-1.3.0.tgz",
      "integrity": "sha512-OLRg8D7QCbzMmi8QTaebIIsH2qaIj4NiltuJ8vZj4JFHOIVa3utyD5tlfySBGZNfDG7+vZ2K8iDk82TalFaAbw=="
    }
  }
}
